// !$*UTF8*$!
{
	archiveVersion = 1;
	classes = {
	};
	objectVersion = 50;
	objects = {

/* Begin PBXBuildFile section */
		74330AE12193E36C0023DD22 /* ViewControllerSubview.swift in Sources */ = {isa = PBXBuildFile; fileRef = 74330AE02193E36C0023DD22 /* ViewControllerSubview.swift */; };
		74330AE42193F8940023DD22 /* AppFlow.swift in Sources */ = {isa = PBXBuildFile; fileRef = 74330AE32193F8940023DD22 /* AppFlow.swift */; };
		74330AE62193F94A0023DD22 /* AppViewModel.swift in Sources */ = {isa = PBXBuildFile; fileRef = 74330AE52193F94A0023DD22 /* AppViewModel.swift */; };
		74330AE82193F9950023DD22 /* AppStep.swift in Sources */ = {isa = PBXBuildFile; fileRef = 74330AE72193F9950023DD22 /* AppStep.swift */; };
		74330AEE219440840023DD22 /* ViewControllerFinish.swift in Sources */ = {isa = PBXBuildFile; fileRef = 74330AED219440840023DD22 /* ViewControllerFinish.swift */; };
		74330AF0219440A30023DD22 /* ViewControllerDetail.swift in Sources */ = {isa = PBXBuildFile; fileRef = 74330AEF219440A30023DD22 /* ViewControllerDetail.swift */; };
		74330AF22194698E0023DD22 /* ViewControllerDetailSubview.swift in Sources */ = {isa = PBXBuildFile; fileRef = 74330AF12194698E0023DD22 /* ViewControllerDetailSubview.swift */; };
		74366C962191789C008C368D /* AppDelegate.swift in Sources */ = {isa = PBXBuildFile; fileRef = 74366C952191789C008C368D /* AppDelegate.swift */; };
		74366C982191789C008C368D /* ViewController.swift in Sources */ = {isa = PBXBuildFile; fileRef = 74366C972191789C008C368D /* ViewController.swift */; };
		74366C9B2191789C008C368D /* Main.storyboard in Resources */ = {isa = PBXBuildFile; fileRef = 74366C992191789C008C368D /* Main.storyboard */; };
		74366C9D219178C1008C368D /* Assets.xcassets in Resources */ = {isa = PBXBuildFile; fileRef = 74366C9C219178C1008C368D /* Assets.xcassets */; };
		74366CA0219178C1008C368D /* LaunchScreen.storyboard in Resources */ = {isa = PBXBuildFile; fileRef = 74366C9E219178C1008C368D /* LaunchScreen.storyboard */; };
		743E6E19219A789D00F997FD /* SetupViewModel.swift in Sources */ = {isa = PBXBuildFile; fileRef = 743E6E18219A789D00F997FD /* SetupViewModel.swift */; };
		743E6E1C219A7CF300F997FD /* SetupStep.swift in Sources */ = {isa = PBXBuildFile; fileRef = 743E6E1B219A7CF300F997FD /* SetupStep.swift */; };
		743E6E1E219A987E00F997FD /* SetupFlow.swift in Sources */ = {isa = PBXBuildFile; fileRef = 743E6E1D219A987E00F997FD /* SetupFlow.swift */; };
		743E6E23219AAD0B00F997FD /* ViewControllerSetupStep1.swift in Sources */ = {isa = PBXBuildFile; fileRef = 743E6E22219AAD0B00F997FD /* ViewControllerSetupStep1.swift */; };
		743E6E25219AC53A00F997FD /* ViewControllerSetupStep2.swift in Sources */ = {isa = PBXBuildFile; fileRef = 743E6E24219AC53A00F997FD /* ViewControllerSetupStep2.swift */; };
		743E6E28219ACAA000F997FD /* ViewControllerReactor.swift in Sources */ = {isa = PBXBuildFile; fileRef = 743E6E27219ACAA000F997FD /* ViewControllerReactor.swift */; };
		A423CFC8A4352D0D644F0F33 /* Pods_Movie.framework in Frameworks */ = {isa = PBXBuildFile; fileRef = 5F97AA026B1767CDD85D5E84 /* Pods_Movie.framework */; };
/* End PBXBuildFile section */

/* Begin PBXFileReference section */
		503C4FC344222F153C836664 /* Pods-Movie.debug.xcconfig */ = {isa = PBXFileReference; includeInIndex = 1; lastKnownFileType = text.xcconfig; name = "Pods-Movie.debug.xcconfig"; path = "Pods/Target Support Files/Pods-Movie/Pods-Movie.debug.xcconfig"; sourceTree = "<group>"; };
		5F97AA026B1767CDD85D5E84 /* Pods_Movie.framework */ = {isa = PBXFileReference; explicitFileType = wrapper.framework; includeInIndex = 0; path = Pods_Movie.framework; sourceTree = BUILT_PRODUCTS_DIR; };
		6565F55B635C477AECF3506A /* Pods-Movie.release.xcconfig */ = {isa = PBXFileReference; includeInIndex = 1; lastKnownFileType = text.xcconfig; name = "Pods-Movie.release.xcconfig"; path = "Pods/Target Support Files/Pods-Movie/Pods-Movie.release.xcconfig"; sourceTree = "<group>"; };
		74330AE02193E36C0023DD22 /* ViewControllerSubview.swift */ = {isa = PBXFileReference; lastKnownFileType = sourcecode.swift; path = ViewControllerSubview.swift; sourceTree = "<group>"; };
		74330AE32193F8940023DD22 /* AppFlow.swift */ = {isa = PBXFileReference; lastKnownFileType = sourcecode.swift; path = AppFlow.swift; sourceTree = "<group>"; };
		74330AE52193F94A0023DD22 /* AppViewModel.swift */ = {isa = PBXFileReference; lastKnownFileType = sourcecode.swift; path = AppViewModel.swift; sourceTree = "<group>"; };
		74330AE72193F9950023DD22 /* AppStep.swift */ = {isa = PBXFileReference; lastKnownFileType = sourcecode.swift; path = AppStep.swift; sourceTree = "<group>"; };
		74330AED219440840023DD22 /* ViewControllerFinish.swift */ = {isa = PBXFileReference; lastKnownFileType = sourcecode.swift; path = ViewControllerFinish.swift; sourceTree = "<group>"; };
		74330AEF219440A30023DD22 /* ViewControllerDetail.swift */ = {isa = PBXFileReference; lastKnownFileType = sourcecode.swift; path = ViewControllerDetail.swift; sourceTree = "<group>"; };
		74330AF12194698E0023DD22 /* ViewControllerDetailSubview.swift */ = {isa = PBXFileReference; lastKnownFileType = sourcecode.swift; path = ViewControllerDetailSubview.swift; sourceTree = "<group>"; };
		74366C922191789B008C368D /* Movie.app */ = {isa = PBXFileReference; explicitFileType = wrapper.application; includeInIndex = 0; path = Movie.app; sourceTree = BUILT_PRODUCTS_DIR; };
		74366C952191789C008C368D /* AppDelegate.swift */ = {isa = PBXFileReference; lastKnownFileType = sourcecode.swift; path = AppDelegate.swift; sourceTree = "<group>"; };
		74366C972191789C008C368D /* ViewController.swift */ = {isa = PBXFileReference; lastKnownFileType = sourcecode.swift; path = ViewController.swift; sourceTree = "<group>"; };
		74366C9A2191789C008C368D /* Base */ = {isa = PBXFileReference; lastKnownFileType = file.storyboard; name = Base; path = Base.lproj/Main.storyboard; sourceTree = "<group>"; };
		74366C9C219178C1008C368D /* Assets.xcassets */ = {isa = PBXFileReference; lastKnownFileType = folder.assetcatalog; path = Assets.xcassets; sourceTree = "<group>"; };
		74366C9F219178C1008C368D /* Base */ = {isa = PBXFileReference; lastKnownFileType = file.storyboard; name = Base; path = Base.lproj/LaunchScreen.storyboard; sourceTree = "<group>"; };
		74366CA1219178C1008C368D /* Info.plist */ = {isa = PBXFileReference; lastKnownFileType = text.plist.xml; path = Info.plist; sourceTree = "<group>"; };
		743E6E18219A789D00F997FD /* SetupViewModel.swift */ = {isa = PBXFileReference; lastKnownFileType = sourcecode.swift; path = SetupViewModel.swift; sourceTree = "<group>"; };
		743E6E1B219A7CF300F997FD /* SetupStep.swift */ = {isa = PBXFileReference; lastKnownFileType = sourcecode.swift; path = SetupStep.swift; sourceTree = "<group>"; };
		743E6E1D219A987E00F997FD /* SetupFlow.swift */ = {isa = PBXFileReference; lastKnownFileType = sourcecode.swift; path = SetupFlow.swift; sourceTree = "<group>"; };
		743E6E22219AAD0B00F997FD /* ViewControllerSetupStep1.swift */ = {isa = PBXFileReference; lastKnownFileType = sourcecode.swift; path = ViewControllerSetupStep1.swift; sourceTree = "<group>"; };
		743E6E24219AC53A00F997FD /* ViewControllerSetupStep2.swift */ = {isa = PBXFileReference; lastKnownFileType = sourcecode.swift; path = ViewControllerSetupStep2.swift; sourceTree = "<group>"; };
		743E6E27219ACAA000F997FD /* ViewControllerReactor.swift */ = {isa = PBXFileReference; lastKnownFileType = sourcecode.swift; path = ViewControllerReactor.swift; sourceTree = "<group>"; };
/* End PBXFileReference section */

/* Begin PBXFrameworksBuildPhase section */
		74366C8F2191789B008C368D /* Frameworks */ = {
			isa = PBXFrameworksBuildPhase;
			buildActionMask = 2147483647;
			files = (
				A423CFC8A4352D0D644F0F33 /* Pods_Movie.framework in Frameworks */,
			);
			runOnlyForDeploymentPostprocessing = 0;
		};
/* End PBXFrameworksBuildPhase section */

/* Begin PBXGroup section */
		74330AD82193DDAF0023DD22 /* Data */ = {
			isa = PBXGroup;
			children = (
				74330AE52193F94A0023DD22 /* AppViewModel.swift */,
				743E6E18219A789D00F997FD /* SetupViewModel.swift */,
			);
			path = Data;
			sourceTree = "<group>";
		};
		74330AD92193DDBB0023DD22 /* Utils */ = {
			isa = PBXGroup;
			children = (
			);
			path = Utils;
			sourceTree = "<group>";
		};
		74330ADA2193DDD60023DD22 /* Presentations */ = {
			isa = PBXGroup;
			children = (
				74330ADB2193DE260023DD22 /* Scenes */,
			);
			path = Presentations;
			sourceTree = "<group>";
		};
		74330ADB2193DE260023DD22 /* Scenes */ = {
			isa = PBXGroup;
			children = (
				743E6E1F219AAAB700F997FD /* Setup */,
				74330AEC2194406D0023DD22 /* Finish */,
				74330AEA21943F590023DD22 /* Details */,
				74330ADC2193DE390023DD22 /* Main */,
			);
			path = Scenes;
			sourceTree = "<group>";
		};
		74330ADC2193DE390023DD22 /* Main */ = {
			isa = PBXGroup;
			children = (
				743E6E26219ACA8400F997FD /* Reactor */,
				74330ADD2193DE430023DD22 /* View */,
			);
			path = Main;
			sourceTree = "<group>";
		};
		74330ADD2193DE430023DD22 /* View */ = {
			isa = PBXGroup;
			children = (
				74330ADF2193DE670023DD22 /* Subview */,
				74366C972191789C008C368D /* ViewController.swift */,
			);
			path = View;
			sourceTree = "<group>";
		};
		74330ADF2193DE670023DD22 /* Subview */ = {
			isa = PBXGroup;
			children = (
				74330AE02193E36C0023DD22 /* ViewControllerSubview.swift */,
			);
			path = Subview;
			sourceTree = "<group>";
		};
		74330AE22193F86F0023DD22 /* FLow */ = {
			isa = PBXGroup;
			children = (
				743E6E1A219A7CDD00F997FD /* Setup */,
				74330AE32193F8940023DD22 /* AppFlow.swift */,
				74330AE72193F9950023DD22 /* AppStep.swift */,
			);
			path = FLow;
			sourceTree = "<group>";
		};
		74330AEA21943F590023DD22 /* Details */ = {
			isa = PBXGroup;
			children = (
				74330AEB21943F710023DD22 /* Subview */,
				74330AEF219440A30023DD22 /* ViewControllerDetail.swift */,
			);
			path = Details;
			sourceTree = "<group>";
		};
		74330AEB21943F710023DD22 /* Subview */ = {
			isa = PBXGroup;
			children = (
				74330AF12194698E0023DD22 /* ViewControllerDetailSubview.swift */,
			);
			path = Subview;
			sourceTree = "<group>";
		};
		74330AEC2194406D0023DD22 /* Finish */ = {
			isa = PBXGroup;
			children = (
				74330AF321947B6B0023DD22 /* Subview */,
				74330AED219440840023DD22 /* ViewControllerFinish.swift */,
			);
			path = Finish;
			sourceTree = "<group>";
		};
		74330AF321947B6B0023DD22 /* Subview */ = {
			isa = PBXGroup;
			children = (
			);
			path = Subview;
			sourceTree = "<group>";
		};
		74366C892191789B008C368D = {
			isa = PBXGroup;
			children = (
				74366C942191789B008C368D /* Movie */,
				74366C932191789B008C368D /* Products */,
				D936343E54B5FC3F3A93D9A5 /* Pods */,
				EC11AA8EEF023443A17D5558 /* Frameworks */,
			);
			sourceTree = "<group>";
		};
		74366C932191789B008C368D /* Products */ = {
			isa = PBXGroup;
			children = (
				74366C922191789B008C368D /* Movie.app */,
			);
			name = Products;
			sourceTree = "<group>";
		};
		74366C942191789B008C368D /* Movie */ = {
			isa = PBXGroup;
			children = (
				745051BD21934778006D07AD /* Assets */,
				745051BC21934761006D07AD /* Classes */,
				74366C952191789C008C368D /* AppDelegate.swift */,
				74366C992191789C008C368D /* Main.storyboard */,
				74366C9E219178C1008C368D /* LaunchScreen.storyboard */,
				74366CA1219178C1008C368D /* Info.plist */,
			);
			path = Movie;
			sourceTree = "<group>";
		};
		743E6E1A219A7CDD00F997FD /* Setup */ = {
			isa = PBXGroup;
			children = (
				743E6E1B219A7CF300F997FD /* SetupStep.swift */,
				743E6E1D219A987E00F997FD /* SetupFlow.swift */,
			);
			path = Setup;
			sourceTree = "<group>";
		};
		743E6E1F219AAAB700F997FD /* Setup */ = {
			isa = PBXGroup;
			children = (
				743E6E22219AAD0B00F997FD /* ViewControllerSetupStep1.swift */,
				743E6E24219AC53A00F997FD /* ViewControllerSetupStep2.swift */,
			);
			path = Setup;
			sourceTree = "<group>";
		};
		743E6E26219ACA8400F997FD /* Reactor */ = {
			isa = PBXGroup;
			children = (
				743E6E27219ACAA000F997FD /* ViewControllerReactor.swift */,
			);
			path = Reactor;
			sourceTree = "<group>";
		};
		745051BC21934761006D07AD /* Classes */ = {
			isa = PBXGroup;
			children = (
				74330ADA2193DDD60023DD22 /* Presentations */,
				74330AD92193DDBB0023DD22 /* Utils */,
				74330AD82193DDAF0023DD22 /* Data */,
				745051BE21934793006D07AD /* Core */,
			);
			path = Classes;
			sourceTree = "<group>";
		};
		745051BD21934778006D07AD /* Assets */ = {
			isa = PBXGroup;
			children = (
				74366C9C219178C1008C368D /* Assets.xcassets */,
			);
			path = Assets;
			sourceTree = "<group>";
		};
		745051BE21934793006D07AD /* Core */ = {
			isa = PBXGroup;
			children = (
				74330AE22193F86F0023DD22 /* FLow */,
			);
			path = Core;
			sourceTree = "<group>";
		};
		D936343E54B5FC3F3A93D9A5 /* Pods */ = {
			isa = PBXGroup;
			children = (
				503C4FC344222F153C836664 /* Pods-Movie.debug.xcconfig */,
				6565F55B635C477AECF3506A /* Pods-Movie.release.xcconfig */,
			);
			name = Pods;
			sourceTree = "<group>";
		};
		EC11AA8EEF023443A17D5558 /* Frameworks */ = {
			isa = PBXGroup;
			children = (
				5F97AA026B1767CDD85D5E84 /* Pods_Movie.framework */,
			);
			name = Frameworks;
			sourceTree = "<group>";
		};
/* End PBXGroup section */

/* Begin PBXNativeTarget section */
		74366C912191789B008C368D /* Movie */ = {
			isa = PBXNativeTarget;
			buildConfigurationList = 74366CA4219178C1008C368D /* Build configuration list for PBXNativeTarget "Movie" */;
			buildPhases = (
				6A4CF637B382E0A2C9850B8C /* [CP] Check Pods Manifest.lock */,
				74366C8E2191789B008C368D /* Sources */,
				74366C8F2191789B008C368D /* Frameworks */,
				74366C902191789B008C368D /* Resources */,
				AEE69C7C6995D0076B439280 /* [CP] Embed Pods Frameworks */,
			);
			buildRules = (
			);
			dependencies = (
			);
			name = Movie;
			productName = Movie;
			productReference = 74366C922191789B008C368D /* Movie.app */;
			productType = "com.apple.product-type.application";
		};
/* End PBXNativeTarget section */

/* Begin PBXProject section */
		74366C8A2191789B008C368D /* Project object */ = {
			isa = PBXProject;
			attributes = {
				LastSwiftUpdateCheck = 1000;
				LastUpgradeCheck = 1000;
				ORGANIZATIONNAME = "Sreypich Phan";
				TargetAttributes = {
					74366C912191789B008C368D = {
						CreatedOnToolsVersion = 10.0;
					};
				};
			};
			buildConfigurationList = 74366C8D2191789B008C368D /* Build configuration list for PBXProject "Movie" */;
			compatibilityVersion = "Xcode 9.3";
			developmentRegion = en;
			hasScannedForEncodings = 0;
			knownRegions = (
				en,
				Base,
			);
			mainGroup = 74366C892191789B008C368D;
			productRefGroup = 74366C932191789B008C368D /* Products */;
			projectDirPath = "";
			projectRoot = "";
			targets = (
				74366C912191789B008C368D /* Movie */,
			);
		};
/* End PBXProject section */

/* Begin PBXResourcesBuildPhase section */
		74366C902191789B008C368D /* Resources */ = {
			isa = PBXResourcesBuildPhase;
			buildActionMask = 2147483647;
			files = (
				74366CA0219178C1008C368D /* LaunchScreen.storyboard in Resources */,
				74366C9D219178C1008C368D /* Assets.xcassets in Resources */,
				74366C9B2191789C008C368D /* Main.storyboard in Resources */,
			);
			runOnlyForDeploymentPostprocessing = 0;
		};
/* End PBXResourcesBuildPhase section */

/* Begin PBXShellScriptBuildPhase section */
		6A4CF637B382E0A2C9850B8C /* [CP] Check Pods Manifest.lock */ = {
			isa = PBXShellScriptBuildPhase;
			buildActionMask = 2147483647;
			files = (
			);
			inputFileListPaths = (
			);
			inputPaths = (
				"${PODS_PODFILE_DIR_PATH}/Podfile.lock",
				"${PODS_ROOT}/Manifest.lock",
			);
			name = "[CP] Check Pods Manifest.lock";
			outputFileListPaths = (
			);
			outputPaths = (
				"$(DERIVED_FILE_DIR)/Pods-Movie-checkManifestLockResult.txt",
			);
			runOnlyForDeploymentPostprocessing = 0;
			shellPath = /bin/sh;
			shellScript = "diff \"${PODS_PODFILE_DIR_PATH}/Podfile.lock\" \"${PODS_ROOT}/Manifest.lock\" > /dev/null\nif [ $? != 0 ] ; then\n    # print error to STDERR\n    echo \"error: The sandbox is not in sync with the Podfile.lock. Run 'pod install' or update your CocoaPods installation.\" >&2\n    exit 1\nfi\n# This output is used by Xcode 'outputs' to avoid re-running this script phase.\necho \"SUCCESS\" > \"${SCRIPT_OUTPUT_FILE_0}\"\n";
			showEnvVarsInLog = 0;
		};
		AEE69C7C6995D0076B439280 /* [CP] Embed Pods Frameworks */ = {
			isa = PBXShellScriptBuildPhase;
			buildActionMask = 2147483647;
			files = (
			);
			inputFileListPaths = (
			);
			inputPaths = (
				"${SRCROOT}/Pods/Target Support Files/Pods-Movie/Pods-Movie-frameworks.sh",
				"${BUILT_PRODUCTS_DIR}/RxCocoa/RxCocoa.framework",
				"${BUILT_PRODUCTS_DIR}/RxFlow/RxFlow.framework",
				"${BUILT_PRODUCTS_DIR}/RxSwift/RxSwift.framework",
				"${BUILT_PRODUCTS_DIR}/SnapKit/SnapKit.framework",
				"${BUILT_PRODUCTS_DIR}/Then/Then.framework",
			);
			name = "[CP] Embed Pods Frameworks";
			outputFileListPaths = (
			);
			outputPaths = (
				"${TARGET_BUILD_DIR}/${FRAMEWORKS_FOLDER_PATH}/RxCocoa.framework",
				"${TARGET_BUILD_DIR}/${FRAMEWORKS_FOLDER_PATH}/RxFlow.framework",
				"${TARGET_BUILD_DIR}/${FRAMEWORKS_FOLDER_PATH}/RxSwift.framework",
				"${TARGET_BUILD_DIR}/${FRAMEWORKS_FOLDER_PATH}/SnapKit.framework",
				"${TARGET_BUILD_DIR}/${FRAMEWORKS_FOLDER_PATH}/Then.framework",
			);
			runOnlyForDeploymentPostprocessing = 0;
			shellPath = /bin/sh;
			shellScript = "\"${SRCROOT}/Pods/Target Support Files/Pods-Movie/Pods-Movie-frameworks.sh\"\n";
			showEnvVarsInLog = 0;
		};
/* End PBXShellScriptBuildPhase section */

/* Begin PBXSourcesBuildPhase section */
		74366C8E2191789B008C368D /* Sources */ = {
			isa = PBXSourcesBuildPhase;
			buildActionMask = 2147483647;
			files = (
				74330AE62193F94A0023DD22 /* AppViewModel.swift in Sources */,
				74330AE82193F9950023DD22 /* AppStep.swift in Sources */,
				743E6E19219A789D00F997FD /* SetupViewModel.swift in Sources */,
				74330AF22194698E0023DD22 /* ViewControllerDetailSubview.swift in Sources */,
				74366C982191789C008C368D /* ViewController.swift in Sources */,
				74330AE42193F8940023DD22 /* AppFlow.swift in Sources */,
				743E6E28219ACAA000F997FD /* ViewControllerReactor.swift in Sources */,
				743E6E23219AAD0B00F997FD /* ViewControllerSetupStep1.swift in Sources */,
				74366C962191789C008C368D /* AppDelegate.swift in Sources */,
				74330AE12193E36C0023DD22 /* ViewControllerSubview.swift in Sources */,
				743E6E25219AC53A00F997FD /* ViewControllerSetupStep2.swift in Sources */,
				74330AEE219440840023DD22 /* ViewControllerFinish.swift in Sources */,
				74330AF0219440A30023DD22 /* ViewControllerDetail.swift in Sources */,
				743E6E1E219A987E00F997FD /* SetupFlow.swift in Sources */,
				743E6E1C219A7CF300F997FD /* SetupStep.swift in Sources */,
			);
			runOnlyForDeploymentPostprocessing = 0;
		};
/* End PBXSourcesBuildPhase section */

/* Begin PBXVariantGroup section */
		74366C992191789C008C368D /* Main.storyboard */ = {
			isa = PBXVariantGroup;
			children = (
				74366C9A2191789C008C368D /* Base */,
			);
			name = Main.storyboard;
			sourceTree = "<group>";
		};
		74366C9E219178C1008C368D /* LaunchScreen.storyboard */ = {
			isa = PBXVariantGroup;
			children = (
				74366C9F219178C1008C368D /* Base */,
			);
			name = LaunchScreen.storyboard;
			sourceTree = "<group>";
		};
/* End PBXVariantGroup section */

/* Begin XCBuildConfiguration section */
		74366CA2219178C1008C368D /* Debug */ = {
			isa = XCBuildConfiguration;
			buildSettings = {
				ALWAYS_SEARCH_USER_PATHS = NO;
				CLANG_ANALYZER_NONNULL = YES;
				CLANG_ANALYZER_NUMBER_OBJECT_CONVERSION = YES_AGGRESSIVE;
				CLANG_CXX_LANGUAGE_STANDARD = "gnu++14";
				CLANG_CXX_LIBRARY = "libc++";
				CLANG_ENABLE_MODULES = YES;
				CLANG_ENABLE_OBJC_ARC = YES;
				CLANG_ENABLE_OBJC_WEAK = YES;
				CLANG_WARN_BLOCK_CAPTURE_AUTORELEASING = YES;
				CLANG_WARN_BOOL_CONVERSION = YES;
				CLANG_WARN_COMMA = YES;
				CLANG_WARN_CONSTANT_CONVERSION = YES;
				CLANG_WARN_DEPRECATED_OBJC_IMPLEMENTATIONS = YES;
				CLANG_WARN_DIRECT_OBJC_ISA_USAGE = YES_ERROR;
				CLANG_WARN_DOCUMENTATION_COMMENTS = YES;
				CLANG_WARN_EMPTY_BODY = YES;
				CLANG_WARN_ENUM_CONVERSION = YES;
				CLANG_WARN_INFINITE_RECURSION = YES;
				CLANG_WARN_INT_CONVERSION = YES;
				CLANG_WARN_NON_LITERAL_NULL_CONVERSION = YES;
				CLANG_WARN_OBJC_IMPLICIT_RETAIN_SELF = YES;
				CLANG_WARN_OBJC_LITERAL_CONVERSION = YES;
				CLANG_WARN_OBJC_ROOT_CLASS = YES_ERROR;
				CLANG_WARN_RANGE_LOOP_ANALYSIS = YES;
				CLANG_WARN_STRICT_PROTOTYPES = YES;
				CLANG_WARN_SUSPICIOUS_MOVE = YES;
				CLANG_WARN_UNGUARDED_AVAILABILITY = YES_AGGRESSIVE;
				CLANG_WARN_UNREACHABLE_CODE = YES;
				CLANG_WARN__DUPLICATE_METHOD_MATCH = YES;
				CODE_SIGN_IDENTITY = "iPhone Developer";
				COPY_PHASE_STRIP = NO;
				DEBUG_INFORMATION_FORMAT = dwarf;
				ENABLE_STRICT_OBJC_MSGSEND = YES;
				ENABLE_TESTABILITY = YES;
				GCC_C_LANGUAGE_STANDARD = gnu11;
				GCC_DYNAMIC_NO_PIC = NO;
				GCC_NO_COMMON_BLOCKS = YES;
				GCC_OPTIMIZATION_LEVEL = 0;
				GCC_PREPROCESSOR_DEFINITIONS = (
					"DEBUG=1",
					"$(inherited)",
				);
				GCC_WARN_64_TO_32_BIT_CONVERSION = YES;
				GCC_WARN_ABOUT_RETURN_TYPE = YES_ERROR;
				GCC_WARN_UNDECLARED_SELECTOR = YES;
				GCC_WARN_UNINITIALIZED_AUTOS = YES_AGGRESSIVE;
				GCC_WARN_UNUSED_FUNCTION = YES;
				GCC_WARN_UNUSED_VARIABLE = YES;
				IPHONEOS_DEPLOYMENT_TARGET = 12.0;
				MTL_ENABLE_DEBUG_INFO = INCLUDE_SOURCE;
				MTL_FAST_MATH = YES;
				ONLY_ACTIVE_ARCH = YES;
				SDKROOT = iphoneos;
				SWIFT_ACTIVE_COMPILATION_CONDITIONS = DEBUG;
				SWIFT_OPTIMIZATION_LEVEL = "-Onone";
			};
			name = Debug;
		};
		74366CA3219178C1008C368D /* Release */ = {
			isa = XCBuildConfiguration;
			buildSettings = {
				ALWAYS_SEARCH_USER_PATHS = NO;
				CLANG_ANALYZER_NONNULL = YES;
				CLANG_ANALYZER_NUMBER_OBJECT_CONVERSION = YES_AGGRESSIVE;
				CLANG_CXX_LANGUAGE_STANDARD = "gnu++14";
				CLANG_CXX_LIBRARY = "libc++";
				CLANG_ENABLE_MODULES = YES;
				CLANG_ENABLE_OBJC_ARC = YES;
				CLANG_ENABLE_OBJC_WEAK = YES;
				CLANG_WARN_BLOCK_CAPTURE_AUTORELEASING = YES;
				CLANG_WARN_BOOL_CONVERSION = YES;
				CLANG_WARN_COMMA = YES;
				CLANG_WARN_CONSTANT_CONVERSION = YES;
				CLANG_WARN_DEPRECATED_OBJC_IMPLEMENTATIONS = YES;
				CLANG_WARN_DIRECT_OBJC_ISA_USAGE = YES_ERROR;
				CLANG_WARN_DOCUMENTATION_COMMENTS = YES;
				CLANG_WARN_EMPTY_BODY = YES;
				CLANG_WARN_ENUM_CONVERSION = YES;
				CLANG_WARN_INFINITE_RECURSION = YES;
				CLANG_WARN_INT_CONVERSION = YES;
				CLANG_WARN_NON_LITERAL_NULL_CONVERSION = YES;
				CLANG_WARN_OBJC_IMPLICIT_RETAIN_SELF = YES;
				CLANG_WARN_OBJC_LITERAL_CONVERSION = YES;
				CLANG_WARN_OBJC_ROOT_CLASS = YES_ERROR;
				CLANG_WARN_RANGE_LOOP_ANALYSIS = YES;
				CLANG_WARN_STRICT_PROTOTYPES = YES;
				CLANG_WARN_SUSPICIOUS_MOVE = YES;
				CLANG_WARN_UNGUARDED_AVAILABILITY = YES_AGGRESSIVE;
				CLANG_WARN_UNREACHABLE_CODE = YES;
				CLANG_WARN__DUPLICATE_METHOD_MATCH = YES;
				CODE_SIGN_IDENTITY = "iPhone Developer";
				COPY_PHASE_STRIP = NO;
				DEBUG_INFORMATION_FORMAT = "dwarf-with-dsym";
				ENABLE_NS_ASSERTIONS = NO;
				ENABLE_STRICT_OBJC_MSGSEND = YES;
				GCC_C_LANGUAGE_STANDARD = gnu11;
				GCC_NO_COMMON_BLOCKS = YES;
				GCC_WARN_64_TO_32_BIT_CONVERSION = YES;
				GCC_WARN_ABOUT_RETURN_TYPE = YES_ERROR;
				GCC_WARN_UNDECLARED_SELECTOR = YES;
				GCC_WARN_UNINITIALIZED_AUTOS = YES_AGGRESSIVE;
				GCC_WARN_UNUSED_FUNCTION = YES;
				GCC_WARN_UNUSED_VARIABLE = YES;
				IPHONEOS_DEPLOYMENT_TARGET = 12.0;
				MTL_ENABLE_DEBUG_INFO = NO;
				MTL_FAST_MATH = YES;
				SDKROOT = iphoneos;
				SWIFT_COMPILATION_MODE = wholemodule;
				SWIFT_OPTIMIZATION_LEVEL = "-O";
				VALIDATE_PRODUCT = YES;
			};
			name = Release;
		};
		74366CA5219178C1008C368D /* Debug */ = {
			isa = XCBuildConfiguration;
			baseConfigurationReference = 503C4FC344222F153C836664 /* Pods-Movie.debug.xcconfig */;
			buildSettings = {
				ASSETCATALOG_COMPILER_APPICON_NAME = AppIcon;
				CODE_SIGN_STYLE = Automatic;
				DEVELOPMENT_TEAM = 6B4H7MLAJH;
				INFOPLIST_FILE = Movie/Info.plist;
				LD_RUNPATH_SEARCH_PATHS = (
					"$(inherited)",
					"@executable_path/Frameworks",
				);
				PRODUCT_BUNDLE_IDENTIFIER = pich.com.Movie;
				PRODUCT_NAME = "$(TARGET_NAME)";
				SWIFT_VERSION = 4.2;
				TARGETED_DEVICE_FAMILY = "1,2";
			};
			name = Debug;
		};
		74366CA6219178C1008C368D /* Release */ = {
			isa = XCBuildConfiguration;
			baseConfigurationReference = 6565F55B635C477AECF3506A /* Pods-Movie.release.xcconfig */;
			buildSettings = {
				ASSETCATALOG_COMPILER_APPICON_NAME = AppIcon;
				CODE_SIGN_STYLE = Automatic;
				DEVELOPMENT_TEAM = 6B4H7MLAJH;
				INFOPLIST_FILE = Movie/Info.plist;
				LD_RUNPATH_SEARCH_PATHS = (
					"$(inherited)",
					"@executable_path/Frameworks",
				);
				PRODUCT_BUNDLE_IDENTIFIER = pich.com.Movie;
				PRODUCT_NAME = "$(TARGET_NAME)";
				SWIFT_VERSION = 4.2;
				TARGETED_DEVICE_FAMILY = "1,2";
			};
			name = Release;
		};
/* End XCBuildConfiguration section */

/* Begin XCConfigurationList section */
		74366C8D2191789B008C368D /* Build configuration list for PBXProject "Movie" */ = {
			isa = XCConfigurationList;
			buildConfigurations = (
				74366CA2219178C1008C368D /* Debug */,
				74366CA3219178C1008C368D /* Release */,
			);
			defaultConfigurationIsVisible = 0;
			defaultConfigurationName = Release;
		};
		74366CA4219178C1008C368D /* Build configuration list for PBXNativeTarget "Movie" */ = {
			isa = XCConfigurationList;
			buildConfigurations = (
				74366CA5219178C1008C368D /* Debug */,
				74366CA6219178C1008C368D /* Release */,
			);
			defaultConfigurationIsVisible = 0;
			defaultConfigurationName = Release;
		};
/* End XCConfigurationList section */
	};
	rootObject = 74366C8A2191789B008C368D /* Project object */;
}
